// !$*UTF8*$!
{
	archiveVersion = 1;
	classes = {
	};
	objectVersion = 56;
	objects = {

/* Begin PBXBuildFile section */
		9A39A0AF29EE491300823C72 /* AppDelegate.swift in Sources */ = {isa = PBXBuildFile; fileRef = 9A39A0AE29EE491300823C72 /* AppDelegate.swift */; };
		9A39A0B129EE491300823C72 /* SceneDelegate.swift in Sources */ = {isa = PBXBuildFile; fileRef = 9A39A0B029EE491300823C72 /* SceneDelegate.swift */; };
		9A39A0B329EE491300823C72 /* ViewController.swift in Sources */ = {isa = PBXBuildFile; fileRef = 9A39A0B229EE491300823C72 /* ViewController.swift */; };
		9A39A0B629EE491300823C72 /* Main.storyboard in Resources */ = {isa = PBXBuildFile; fileRef = 9A39A0B429EE491300823C72 /* Main.storyboard */; };
		9A39A0B829EE491400823C72 /* Assets.xcassets in Resources */ = {isa = PBXBuildFile; fileRef = 9A39A0B729EE491400823C72 /* Assets.xcassets */; };
		9A39A0BB29EE491400823C72 /* LaunchScreen.storyboard in Resources */ = {isa = PBXBuildFile; fileRef = 9A39A0B929EE491400823C72 /* LaunchScreen.storyboard */; };
		9A39A0C629EE498A00823C72 /* CachingPlayerItem.swift in Sources */ = {isa = PBXBuildFile; fileRef = 9A39A0C529EE498A00823C72 /* CachingPlayerItem.swift */; };
		9A39A0C829EE49F200823C72 /* AssetResourceLoader.swift in Sources */ = {isa = PBXBuildFile; fileRef = 9A39A0C729EE49F200823C72 /* AssetResourceLoader.swift */; };
		9A39A0CA29EE4A6700823C72 /* LoadingTask.swift in Sources */ = {isa = PBXBuildFile; fileRef = 9A39A0C929EE4A6700823C72 /* LoadingTask.swift */; };
		9A39A0CC29EE4B3800823C72 /* LoadingRequestProcessor.swift in Sources */ = {isa = PBXBuildFile; fileRef = 9A39A0CB29EE4B3800823C72 /* LoadingRequestProcessor.swift */; };
		9A39A0CE29EE4B8A00823C72 /* CachedFileInfomation.swift in Sources */ = {isa = PBXBuildFile; fileRef = 9A39A0CD29EE4B8A00823C72 /* CachedFileInfomation.swift */; };
		9A39A0D029EE4BEA00823C72 /* MediaCache.swift in Sources */ = {isa = PBXBuildFile; fileRef = 9A39A0CF29EE4BEA00823C72 /* MediaCache.swift */; };
		9A39A0D229EE4C4100823C72 /* MediaCacheProcessor.swift in Sources */ = {isa = PBXBuildFile; fileRef = 9A39A0D129EE4C4000823C72 /* MediaCacheProcessor.swift */; };
		9A39A0D429EE556000823C72 /* String+MD5.swift in Sources */ = {isa = PBXBuildFile; fileRef = 9A39A0D329EE556000823C72 /* String+MD5.swift */; };
		9A39A0D629EE56EF00823C72 /* RangeExtensions.swift in Sources */ = {isa = PBXBuildFile; fileRef = 9A39A0D529EE56EF00823C72 /* RangeExtensions.swift */; };
		9A39A0D829EE576300823C72 /* URLExtensions.swift in Sources */ = {isa = PBXBuildFile; fileRef = 9A39A0D729EE576300823C72 /* URLExtensions.swift */; };
		9A39A0DA29EE584700823C72 /* HLSManager.swift in Sources */ = {isa = PBXBuildFile; fileRef = 9A39A0D929EE584700823C72 /* HLSManager.swift */; };
		9A39A0DC29EE677C00823C72 /* DWPlayer.swift in Sources */ = {isa = PBXBuildFile; fileRef = 9A39A0DB29EE677C00823C72 /* DWPlayer.swift */; };
		9A7406B529EFD9BA0076BFBC /* DWVideoPlayerView.swift in Sources */ = {isa = PBXBuildFile; fileRef = 9A7406B429EFD9BA0076BFBC /* DWVideoPlayerView.swift */; };
		9A7406B729EFF5370076BFBC /* DWVideoPlayerToolView.swift in Sources */ = {isa = PBXBuildFile; fileRef = 9A7406B629EFF5370076BFBC /* DWVideoPlayerToolView.swift */; };
		9A7406B929EFF7120076BFBC /* VideoListTableViewController.swift in Sources */ = {isa = PBXBuildFile; fileRef = 9A7406B829EFF7120076BFBC /* VideoListTableViewController.swift */; };
		9A7406BB29EFF7B40076BFBC /* VideoListCell.swift in Sources */ = {isa = PBXBuildFile; fileRef = 9A7406BA29EFF7B40076BFBC /* VideoListCell.swift */; };
		9A7406BD29F0D5930076BFBC /* UIViewDSL.swift in Sources */ = {isa = PBXBuildFile; fileRef = 9A7406BC29F0D5930076BFBC /* UIViewDSL.swift */; };
		9A7406C029F232190076BFBC /* DWConstraintDSL.swift in Sources */ = {isa = PBXBuildFile; fileRef = 9A7406BF29F232190076BFBC /* DWConstraintDSL.swift */; };
		9A7406C229F232570076BFBC /* ConstraintsCreator.swift in Sources */ = {isa = PBXBuildFile; fileRef = 9A7406C129F232570076BFBC /* ConstraintsCreator.swift */; };
		9A7406C429F232830076BFBC /* ConstaintItem.swift in Sources */ = {isa = PBXBuildFile; fileRef = 9A7406C329F232830076BFBC /* ConstaintItem.swift */; };
		9A7406C629F232AE0076BFBC /* ConstraintRelationConverter.swift in Sources */ = {isa = PBXBuildFile; fileRef = 9A7406C529F232AE0076BFBC /* ConstraintRelationConverter.swift */; };
		9A7406C829F232CA0076BFBC /* ConstraintAttributesConverter.swift in Sources */ = {isa = PBXBuildFile; fileRef = 9A7406C729F232CA0076BFBC /* ConstraintAttributesConverter.swift */; };
		9A7406CA29F23B520076BFBC /* ConstraintsGenerator.swift in Sources */ = {isa = PBXBuildFile; fileRef = 9A7406C929F23B520076BFBC /* ConstraintsGenerator.swift */; };
		9A7406CC29F53B390076BFBC /* VideoSlider.swift in Sources */ = {isa = PBXBuildFile; fileRef = 9A7406CB29F53B390076BFBC /* VideoSlider.swift */; };
		9A7406CE29F53E480076BFBC /* VideoPlayerView.swift in Sources */ = {isa = PBXBuildFile; fileRef = 9A7406CD29F53E480076BFBC /* VideoPlayerView.swift */; };
		9A7406D029F53EA50076BFBC /* ListVideoPlayerView.swift in Sources */ = {isa = PBXBuildFile; fileRef = 9A7406CF29F53EA50076BFBC /* ListVideoPlayerView.swift */; };
		9A7406D229F672A90076BFBC /* Throttler.swift in Sources */ = {isa = PBXBuildFile; fileRef = 9A7406D129F672A90076BFBC /* Throttler.swift */; };
		9A7406EC29F7E05C0076BFBC /* Sqlite.swift in Sources */ = {isa = PBXBuildFile; fileRef = 9A7406EB29F7E05C0076BFBC /* Sqlite.swift */; };
		9A7406EE29F8CFD20076BFBC /* TSqlite.swift in Sources */ = {isa = PBXBuildFile; fileRef = 9A7406ED29F8CFD20076BFBC /* TSqlite.swift */; };
		9AAF628C2A03B57A0094492C /* MediaList.plist in Resources */ = {isa = PBXBuildFile; fileRef = 9AAF628B2A03B57A0094492C /* MediaList.plist */; };
		9AAF628E2A03B8040094492C /* MediaManager.swift in Sources */ = {isa = PBXBuildFile; fileRef = 9AAF628D2A03B8040094492C /* MediaManager.swift */; };
		9AAF62902A04C4D80094492C /* MediaListCell.swift in Sources */ = {isa = PBXBuildFile; fileRef = 9AAF628F2A04C4D80094492C /* MediaListCell.swift */; };
/* End PBXBuildFile section */

/* Begin PBXFileReference section */
		9A39A0AB29EE491300823C72 /* DWPlayer.app */ = {isa = PBXFileReference; explicitFileType = wrapper.application; includeInIndex = 0; path = DWPlayer.app; sourceTree = BUILT_PRODUCTS_DIR; };
		9A39A0AE29EE491300823C72 /* AppDelegate.swift */ = {isa = PBXFileReference; lastKnownFileType = sourcecode.swift; path = AppDelegate.swift; sourceTree = "<group>"; };
		9A39A0B029EE491300823C72 /* SceneDelegate.swift */ = {isa = PBXFileReference; lastKnownFileType = sourcecode.swift; path = SceneDelegate.swift; sourceTree = "<group>"; };
		9A39A0B229EE491300823C72 /* ViewController.swift */ = {isa = PBXFileReference; lastKnownFileType = sourcecode.swift; path = ViewController.swift; sourceTree = "<group>"; };
		9A39A0B529EE491300823C72 /* Base */ = {isa = PBXFileReference; lastKnownFileType = file.storyboard; name = Base; path = Base.lproj/Main.storyboard; sourceTree = "<group>"; };
		9A39A0B729EE491400823C72 /* Assets.xcassets */ = {isa = PBXFileReference; lastKnownFileType = folder.assetcatalog; path = Assets.xcassets; sourceTree = "<group>"; };
		9A39A0BA29EE491400823C72 /* Base */ = {isa = PBXFileReference; lastKnownFileType = file.storyboard; name = Base; path = Base.lproj/LaunchScreen.storyboard; sourceTree = "<group>"; };
		9A39A0BC29EE491400823C72 /* Info.plist */ = {isa = PBXFileReference; lastKnownFileType = text.plist.xml; path = Info.plist; sourceTree = "<group>"; };
		9A39A0C529EE498A00823C72 /* CachingPlayerItem.swift */ = {isa = PBXFileReference; lastKnownFileType = sourcecode.swift; path = CachingPlayerItem.swift; sourceTree = "<group>"; };
		9A39A0C729EE49F200823C72 /* AssetResourceLoader.swift */ = {isa = PBXFileReference; lastKnownFileType = sourcecode.swift; path = AssetResourceLoader.swift; sourceTree = "<group>"; };
		9A39A0C929EE4A6700823C72 /* LoadingTask.swift */ = {isa = PBXFileReference; lastKnownFileType = sourcecode.swift; path = LoadingTask.swift; sourceTree = "<group>"; };
		9A39A0CB29EE4B3800823C72 /* LoadingRequestProcessor.swift */ = {isa = PBXFileReference; lastKnownFileType = sourcecode.swift; path = LoadingRequestProcessor.swift; sourceTree = "<group>"; };
		9A39A0CD29EE4B8A00823C72 /* CachedFileInfomation.swift */ = {isa = PBXFileReference; lastKnownFileType = sourcecode.swift; path = CachedFileInfomation.swift; sourceTree = "<group>"; };
		9A39A0CF29EE4BEA00823C72 /* MediaCache.swift */ = {isa = PBXFileReference; lastKnownFileType = sourcecode.swift; path = MediaCache.swift; sourceTree = "<group>"; };
		9A39A0D129EE4C4000823C72 /* MediaCacheProcessor.swift */ = {isa = PBXFileReference; lastKnownFileType = sourcecode.swift; path = MediaCacheProcessor.swift; sourceTree = "<group>"; };
		9A39A0D329EE556000823C72 /* String+MD5.swift */ = {isa = PBXFileReference; lastKnownFileType = sourcecode.swift; path = "String+MD5.swift"; sourceTree = "<group>"; };
		9A39A0D529EE56EF00823C72 /* RangeExtensions.swift */ = {isa = PBXFileReference; lastKnownFileType = sourcecode.swift; path = RangeExtensions.swift; sourceTree = "<group>"; };
		9A39A0D729EE576300823C72 /* URLExtensions.swift */ = {isa = PBXFileReference; lastKnownFileType = sourcecode.swift; path = URLExtensions.swift; sourceTree = "<group>"; };
		9A39A0D929EE584700823C72 /* HLSManager.swift */ = {isa = PBXFileReference; lastKnownFileType = sourcecode.swift; path = HLSManager.swift; sourceTree = "<group>"; };
		9A39A0DB29EE677C00823C72 /* DWPlayer.swift */ = {isa = PBXFileReference; lastKnownFileType = sourcecode.swift; path = DWPlayer.swift; sourceTree = "<group>"; };
		9A7406B429EFD9BA0076BFBC /* DWVideoPlayerView.swift */ = {isa = PBXFileReference; lastKnownFileType = sourcecode.swift; path = DWVideoPlayerView.swift; sourceTree = "<group>"; };
		9A7406B629EFF5370076BFBC /* DWVideoPlayerToolView.swift */ = {isa = PBXFileReference; lastKnownFileType = sourcecode.swift; path = DWVideoPlayerToolView.swift; sourceTree = "<group>"; };
		9A7406B829EFF7120076BFBC /* VideoListTableViewController.swift */ = {isa = PBXFileReference; lastKnownFileType = sourcecode.swift; path = VideoListTableViewController.swift; sourceTree = "<group>"; };
		9A7406BA29EFF7B40076BFBC /* VideoListCell.swift */ = {isa = PBXFileReference; lastKnownFileType = sourcecode.swift; path = VideoListCell.swift; sourceTree = "<group>"; };
		9A7406BC29F0D5930076BFBC /* UIViewDSL.swift */ = {isa = PBXFileReference; lastKnownFileType = sourcecode.swift; path = UIViewDSL.swift; sourceTree = "<group>"; };
		9A7406BF29F232190076BFBC /* DWConstraintDSL.swift */ = {isa = PBXFileReference; lastKnownFileType = sourcecode.swift; path = DWConstraintDSL.swift; sourceTree = "<group>"; };
		9A7406C129F232570076BFBC /* ConstraintsCreator.swift */ = {isa = PBXFileReference; lastKnownFileType = sourcecode.swift; path = ConstraintsCreator.swift; sourceTree = "<group>"; };
		9A7406C329F232830076BFBC /* ConstaintItem.swift */ = {isa = PBXFileReference; lastKnownFileType = sourcecode.swift; path = ConstaintItem.swift; sourceTree = "<group>"; };
		9A7406C529F232AE0076BFBC /* ConstraintRelationConverter.swift */ = {isa = PBXFileReference; lastKnownFileType = sourcecode.swift; path = ConstraintRelationConverter.swift; sourceTree = "<group>"; };
		9A7406C729F232CA0076BFBC /* ConstraintAttributesConverter.swift */ = {isa = PBXFileReference; lastKnownFileType = sourcecode.swift; path = ConstraintAttributesConverter.swift; sourceTree = "<group>"; };
		9A7406C929F23B520076BFBC /* ConstraintsGenerator.swift */ = {isa = PBXFileReference; lastKnownFileType = sourcecode.swift; path = ConstraintsGenerator.swift; sourceTree = "<group>"; };
		9A7406CB29F53B390076BFBC /* VideoSlider.swift */ = {isa = PBXFileReference; fileEncoding = 4; lastKnownFileType = sourcecode.swift; path = VideoSlider.swift; sourceTree = "<group>"; };
		9A7406CD29F53E480076BFBC /* VideoPlayerView.swift */ = {isa = PBXFileReference; lastKnownFileType = sourcecode.swift; path = VideoPlayerView.swift; sourceTree = "<group>"; };
		9A7406CF29F53EA50076BFBC /* ListVideoPlayerView.swift */ = {isa = PBXFileReference; lastKnownFileType = sourcecode.swift; path = ListVideoPlayerView.swift; sourceTree = "<group>"; };
		9A7406D129F672A90076BFBC /* Throttler.swift */ = {isa = PBXFileReference; lastKnownFileType = sourcecode.swift; path = Throttler.swift; sourceTree = "<group>"; };
		9A7406EB29F7E05C0076BFBC /* Sqlite.swift */ = {isa = PBXFileReference; lastKnownFileType = sourcecode.swift; path = Sqlite.swift; sourceTree = "<group>"; };
		9A7406ED29F8CFD20076BFBC /* TSqlite.swift */ = {isa = PBXFileReference; lastKnownFileType = sourcecode.swift; path = TSqlite.swift; sourceTree = "<group>"; };
		9AAF628B2A03B57A0094492C /* MediaList.plist */ = {isa = PBXFileReference; lastKnownFileType = text.plist.xml; path = MediaList.plist; sourceTree = "<group>"; };
		9AAF628D2A03B8040094492C /* MediaManager.swift */ = {isa = PBXFileReference; lastKnownFileType = sourcecode.swift; path = MediaManager.swift; sourceTree = "<group>"; };
		9AAF628F2A04C4D80094492C /* MediaListCell.swift */ = {isa = PBXFileReference; lastKnownFileType = sourcecode.swift; path = MediaListCell.swift; sourceTree = "<group>"; };
/* End PBXFileReference section */

/* Begin PBXFrameworksBuildPhase section */
		9A39A0A829EE491300823C72 /* Frameworks */ = {
			isa = PBXFrameworksBuildPhase;
			buildActionMask = 2147483647;
			files = (
			);
			runOnlyForDeploymentPostprocessing = 0;
		};
/* End PBXFrameworksBuildPhase section */

/* Begin PBXGroup section */
		9A39A0A229EE491300823C72 = {
			isa = PBXGroup;
			children = (
				9A39A0AD29EE491300823C72 /* DWPlayer */,
				9A39A0AC29EE491300823C72 /* Products */,
			);
			sourceTree = "<group>";
		};
		9A39A0AC29EE491300823C72 /* Products */ = {
			isa = PBXGroup;
			children = (
				9A39A0AB29EE491300823C72 /* DWPlayer.app */,
			);
			name = Products;
			sourceTree = "<group>";
		};
		9A39A0AD29EE491300823C72 /* DWPlayer */ = {
			isa = PBXGroup;
			children = (
				9A7406BE29F231E30076BFBC /* DWConstraint */,
				9A39A0AE29EE491300823C72 /* AppDelegate.swift */,
				9A39A0B029EE491300823C72 /* SceneDelegate.swift */,
				9A39A0B229EE491300823C72 /* ViewController.swift */,
				9AAF628F2A04C4D80094492C /* MediaListCell.swift */,
				9AAF628D2A03B8040094492C /* MediaManager.swift */,
				9A7406B829EFF7120076BFBC /* VideoListTableViewController.swift */,
				9A7406BA29EFF7B40076BFBC /* VideoListCell.swift */,
				9A7406CD29F53E480076BFBC /* VideoPlayerView.swift */,
				9A7406CF29F53EA50076BFBC /* ListVideoPlayerView.swift */,
				9A7406ED29F8CFD20076BFBC /* TSqlite.swift */,
				9A39A0C229EE491D00823C72 /* DWPlayer */,
				9A39A0B429EE491300823C72 /* Main.storyboard */,
				9AAF628B2A03B57A0094492C /* MediaList.plist */,
				9A39A0B729EE491400823C72 /* Assets.xcassets */,
				9A39A0B929EE491400823C72 /* LaunchScreen.storyboard */,
				9A39A0BC29EE491400823C72 /* Info.plist */,
			);
			path = DWPlayer;
			sourceTree = "<group>";
		};
		9A39A0C229EE491D00823C72 /* DWPlayer */ = {
			isa = PBXGroup;
			children = (
				9A7406B329EFD9A70076BFBC /* VideoPlayer */,
				9A39A0C429EE493F00823C72 /* Player */,
				9A39A0C329EE493D00823C72 /* Cache */,
			);
			path = DWPlayer;
			sourceTree = "<group>";
		};
		9A39A0C329EE493D00823C72 /* Cache */ = {
			isa = PBXGroup;
			children = (
				9A39A0C529EE498A00823C72 /* CachingPlayerItem.swift */,
				9A39A0C729EE49F200823C72 /* AssetResourceLoader.swift */,
				9A39A0CB29EE4B3800823C72 /* LoadingRequestProcessor.swift */,
				9A39A0C929EE4A6700823C72 /* LoadingTask.swift */,
				9A39A0CD29EE4B8A00823C72 /* CachedFileInfomation.swift */,
				9A39A0CF29EE4BEA00823C72 /* MediaCache.swift */,
				9A39A0D129EE4C4000823C72 /* MediaCacheProcessor.swift */,
				9A39A0D329EE556000823C72 /* String+MD5.swift */,
				9A39A0D529EE56EF00823C72 /* RangeExtensions.swift */,
				9A39A0D729EE576300823C72 /* URLExtensions.swift */,
				9A39A0D929EE584700823C72 /* HLSManager.swift */,
				9A7406EB29F7E05C0076BFBC /* Sqlite.swift */,
			);
			path = Cache;
			sourceTree = "<group>";
		};
		9A39A0C429EE493F00823C72 /* Player */ = {
			isa = PBXGroup;
			children = (
				9A39A0DB29EE677C00823C72 /* DWPlayer.swift */,
				9A7406D129F672A90076BFBC /* Throttler.swift */,
			);
			path = Player;
			sourceTree = "<group>";
		};
		9A7406B329EFD9A70076BFBC /* VideoPlayer */ = {
			isa = PBXGroup;
			children = (
				9A7406CB29F53B390076BFBC /* VideoSlider.swift */,
				9A7406B429EFD9BA0076BFBC /* DWVideoPlayerView.swift */,
				9A7406B629EFF5370076BFBC /* DWVideoPlayerToolView.swift */,
			);
			path = VideoPlayer;
			sourceTree = "<group>";
		};
		9A7406BE29F231E30076BFBC /* DWConstraint */ = {
			isa = PBXGroup;
			children = (
				9A7406BF29F232190076BFBC /* DWConstraintDSL.swift */,
				9A7406C129F232570076BFBC /* ConstraintsCreator.swift */,
				9A7406C329F232830076BFBC /* ConstaintItem.swift */,
				9A7406C529F232AE0076BFBC /* ConstraintRelationConverter.swift */,
				9A7406C729F232CA0076BFBC /* ConstraintAttributesConverter.swift */,
				9A7406C929F23B520076BFBC /* ConstraintsGenerator.swift */,
				9A7406BC29F0D5930076BFBC /* UIViewDSL.swift */,
			);
			path = DWConstraint;
			sourceTree = "<group>";
		};
/* End PBXGroup section */

/* Begin PBXNativeTarget section */
		9A39A0AA29EE491300823C72 /* DWPlayer */ = {
			isa = PBXNativeTarget;
			buildConfigurationList = 9A39A0BF29EE491400823C72 /* Build configuration list for PBXNativeTarget "DWPlayer" */;
			buildPhases = (
				9A39A0A729EE491300823C72 /* Sources */,
				9A39A0A829EE491300823C72 /* Frameworks */,
				9A39A0A929EE491300823C72 /* Resources */,
			);
			buildRules = (
			);
			dependencies = (
			);
			name = DWPlayer;
			productName = DWPlayer;
			productReference = 9A39A0AB29EE491300823C72 /* DWPlayer.app */;
			productType = "com.apple.product-type.application";
		};
/* End PBXNativeTarget section */

/* Begin PBXProject section */
		9A39A0A329EE491300823C72 /* Project object */ = {
			isa = PBXProject;
			attributes = {
				BuildIndependentTargetsInParallel = 1;
				LastSwiftUpdateCheck = 1410;
				LastUpgradeCheck = 1410;
				TargetAttributes = {
					9A39A0AA29EE491300823C72 = {
						CreatedOnToolsVersion = 14.1;
					};
				};
			};
			buildConfigurationList = 9A39A0A629EE491300823C72 /* Build configuration list for PBXProject "DWPlayer" */;
			compatibilityVersion = "Xcode 14.0";
			developmentRegion = en;
			hasScannedForEncodings = 0;
			knownRegions = (
				en,
				Base,
			);
			mainGroup = 9A39A0A229EE491300823C72;
			productRefGroup = 9A39A0AC29EE491300823C72 /* Products */;
			projectDirPath = "";
			projectRoot = "";
			targets = (
				9A39A0AA29EE491300823C72 /* DWPlayer */,
			);
		};
/* End PBXProject section */

/* Begin PBXResourcesBuildPhase section */
		9A39A0A929EE491300823C72 /* Resources */ = {
			isa = PBXResourcesBuildPhase;
			buildActionMask = 2147483647;
			files = (
				9A39A0BB29EE491400823C72 /* LaunchScreen.storyboard in Resources */,
				9AAF628C2A03B57A0094492C /* MediaList.plist in Resources */,
				9A39A0B829EE491400823C72 /* Assets.xcassets in Resources */,
				9A39A0B629EE491300823C72 /* Main.storyboard in Resources */,
			);
			runOnlyForDeploymentPostprocessing = 0;
		};
/* End PBXResourcesBuildPhase section */

/* Begin PBXSourcesBuildPhase section */
		9A39A0A729EE491300823C72 /* Sources */ = {
			isa = PBXSourcesBuildPhase;
			buildActionMask = 2147483647;
			files = (
				9A39A0B329EE491300823C72 /* ViewController.swift in Sources */,
				9A39A0D029EE4BEA00823C72 /* MediaCache.swift in Sources */,
				9A39A0D429EE556000823C72 /* String+MD5.swift in Sources */,
				9A7406EC29F7E05C0076BFBC /* Sqlite.swift in Sources */,
				9A39A0CE29EE4B8A00823C72 /* CachedFileInfomation.swift in Sources */,
				9A39A0D829EE576300823C72 /* URLExtensions.swift in Sources */,
				9A7406CA29F23B520076BFBC /* ConstraintsGenerator.swift in Sources */,
				9A7406B729EFF5370076BFBC /* DWVideoPlayerToolView.swift in Sources */,
				9A7406BD29F0D5930076BFBC /* UIViewDSL.swift in Sources */,
				9A39A0AF29EE491300823C72 /* AppDelegate.swift in Sources */,
				9A7406B929EFF7120076BFBC /* VideoListTableViewController.swift in Sources */,
				9AAF628E2A03B8040094492C /* MediaManager.swift in Sources */,
				9A7406C229F232570076BFBC /* ConstraintsCreator.swift in Sources */,
				9A39A0D229EE4C4100823C72 /* MediaCacheProcessor.swift in Sources */,
				9A39A0B129EE491300823C72 /* SceneDelegate.swift in Sources */,
				9A7406EE29F8CFD20076BFBC /* TSqlite.swift in Sources */,
				9A7406D229F672A90076BFBC /* Throttler.swift in Sources */,
				9A39A0DC29EE677C00823C72 /* DWPlayer.swift in Sources */,
				9A39A0CA29EE4A6700823C72 /* LoadingTask.swift in Sources */,
				9A7406C429F232830076BFBC /* ConstaintItem.swift in Sources */,
				9A7406C029F232190076BFBC /* DWConstraintDSL.swift in Sources */,
				9A7406CC29F53B390076BFBC /* VideoSlider.swift in Sources */,
				9A39A0DA29EE584700823C72 /* HLSManager.swift in Sources */,
				9A39A0C829EE49F200823C72 /* AssetResourceLoader.swift in Sources */,
				9A39A0D629EE56EF00823C72 /* RangeExtensions.swift in Sources */,
				9A7406BB29EFF7B40076BFBC /* VideoListCell.swift in Sources */,
				9AAF62902A04C4D80094492C /* MediaListCell.swift in Sources */,
				9A7406B529EFD9BA0076BFBC /* DWVideoPlayerView.swift in Sources */,
				9A7406D029F53EA50076BFBC /* ListVideoPlayerView.swift in Sources */,
				9A7406C629F232AE0076BFBC /* ConstraintRelationConverter.swift in Sources */,
				9A7406C829F232CA0076BFBC /* ConstraintAttributesConverter.swift in Sources */,
				9A39A0CC29EE4B3800823C72 /* LoadingRequestProcessor.swift in Sources */,
				9A39A0C629EE498A00823C72 /* CachingPlayerItem.swift in Sources */,
				9A7406CE29F53E480076BFBC /* VideoPlayerView.swift in Sources */,
			);
			runOnlyForDeploymentPostprocessing = 0;
		};
/* End PBXSourcesBuildPhase section */

/* Begin PBXVariantGroup section */
		9A39A0B429EE491300823C72 /* Main.storyboard */ = {
			isa = PBXVariantGroup;
			children = (
				9A39A0B529EE491300823C72 /* Base */,
			);
			name = Main.storyboard;
			sourceTree = "<group>";
		};
		9A39A0B929EE491400823C72 /* LaunchScreen.storyboard */ = {
			isa = PBXVariantGroup;
			children = (
				9A39A0BA29EE491400823C72 /* Base */,
			);
			name = LaunchScreen.storyboard;
			sourceTree = "<group>";
		};
/* End PBXVariantGroup section */

/* Begin XCBuildConfiguration section */
		9A39A0BD29EE491400823C72 /* Debug */ = {
			isa = XCBuildConfiguration;
			buildSettings = {
				ALWAYS_SEARCH_USER_PATHS = NO;
				CLANG_ANALYZER_NONNULL = YES;
				CLANG_ANALYZER_NUMBER_OBJECT_CONVERSION = YES_AGGRESSIVE;
				CLANG_CXX_LANGUAGE_STANDARD = "gnu++20";
				CLANG_ENABLE_MODULES = YES;
				CLANG_ENABLE_OBJC_ARC = YES;
				CLANG_ENABLE_OBJC_WEAK = YES;
				CLANG_WARN_BLOCK_CAPTURE_AUTORELEASING = YES;
				CLANG_WARN_BOOL_CONVERSION = YES;
				CLANG_WARN_COMMA = YES;
				CLANG_WARN_CONSTANT_CONVERSION = YES;
				CLANG_WARN_DEPRECATED_OBJC_IMPLEMENTATIONS = YES;
				CLANG_WARN_DIRECT_OBJC_ISA_USAGE = YES_ERROR;
				CLANG_WARN_DOCUMENTATION_COMMENTS = YES;
				CLANG_WARN_EMPTY_BODY = YES;
				CLANG_WARN_ENUM_CONVERSION = YES;
				CLANG_WARN_INFINITE_RECURSION = YES;
				CLANG_WARN_INT_CONVERSION = YES;
				CLANG_WARN_NON_LITERAL_NULL_CONVERSION = YES;
				CLANG_WARN_OBJC_IMPLICIT_RETAIN_SELF = YES;
				CLANG_WARN_OBJC_LITERAL_CONVERSION = YES;
				CLANG_WARN_OBJC_ROOT_CLASS = YES_ERROR;
				CLANG_WARN_QUOTED_INCLUDE_IN_FRAMEWORK_HEADER = YES;
				CLANG_WARN_RANGE_LOOP_ANALYSIS = YES;
				CLANG_WARN_STRICT_PROTOTYPES = YES;
				CLANG_WARN_SUSPICIOUS_MOVE = YES;
				CLANG_WARN_UNGUARDED_AVAILABILITY = YES_AGGRESSIVE;
				CLANG_WARN_UNREACHABLE_CODE = YES;
				CLANG_WARN__DUPLICATE_METHOD_MATCH = YES;
				COPY_PHASE_STRIP = NO;
				DEBUG_INFORMATION_FORMAT = dwarf;
				ENABLE_STRICT_OBJC_MSGSEND = YES;
				ENABLE_TESTABILITY = YES;
				GCC_C_LANGUAGE_STANDARD = gnu11;
				GCC_DYNAMIC_NO_PIC = NO;
				GCC_NO_COMMON_BLOCKS = YES;
				GCC_OPTIMIZATION_LEVEL = 0;
				GCC_PREPROCESSOR_DEFINITIONS = (
					"DEBUG=1",
					"$(inherited)",
				);
				GCC_WARN_64_TO_32_BIT_CONVERSION = YES;
				GCC_WARN_ABOUT_RETURN_TYPE = YES_ERROR;
				GCC_WARN_UNDECLARED_SELECTOR = YES;
				GCC_WARN_UNINITIALIZED_AUTOS = YES_AGGRESSIVE;
				GCC_WARN_UNUSED_FUNCTION = YES;
				GCC_WARN_UNUSED_VARIABLE = YES;
				IPHONEOS_DEPLOYMENT_TARGET = 16.1;
				MTL_ENABLE_DEBUG_INFO = INCLUDE_SOURCE;
				MTL_FAST_MATH = YES;
				ONLY_ACTIVE_ARCH = YES;
				SDKROOT = iphoneos;
				SWIFT_ACTIVE_COMPILATION_CONDITIONS = DEBUG;
				SWIFT_OPTIMIZATION_LEVEL = "-Onone";
			};
			name = Debug;
		};
		9A39A0BE29EE491400823C72 /* Release */ = {
			isa = XCBuildConfiguration;
			buildSettings = {
				ALWAYS_SEARCH_USER_PATHS = NO;
				CLANG_ANALYZER_NONNULL = YES;
				CLANG_ANALYZER_NUMBER_OBJECT_CONVERSION = YES_AGGRESSIVE;
				CLANG_CXX_LANGUAGE_STANDARD = "gnu++20";
				CLANG_ENABLE_MODULES = YES;
				CLANG_ENABLE_OBJC_ARC = YES;
				CLANG_ENABLE_OBJC_WEAK = YES;
				CLANG_WARN_BLOCK_CAPTURE_AUTORELEASING = YES;
				CLANG_WARN_BOOL_CONVERSION = YES;
				CLANG_WARN_COMMA = YES;
				CLANG_WARN_CONSTANT_CONVERSION = YES;
				CLANG_WARN_DEPRECATED_OBJC_IMPLEMENTATIONS = YES;
				CLANG_WARN_DIRECT_OBJC_ISA_USAGE = YES_ERROR;
				CLANG_WARN_DOCUMENTATION_COMMENTS = YES;
				CLANG_WARN_EMPTY_BODY = YES;
				CLANG_WARN_ENUM_CONVERSION = YES;
				CLANG_WARN_INFINITE_RECURSION = YES;
				CLANG_WARN_INT_CONVERSION = YES;
				CLANG_WARN_NON_LITERAL_NULL_CONVERSION = YES;
				CLANG_WARN_OBJC_IMPLICIT_RETAIN_SELF = YES;
				CLANG_WARN_OBJC_LITERAL_CONVERSION = YES;
				CLANG_WARN_OBJC_ROOT_CLASS = YES_ERROR;
				CLANG_WARN_QUOTED_INCLUDE_IN_FRAMEWORK_HEADER = YES;
				CLANG_WARN_RANGE_LOOP_ANALYSIS = YES;
				CLANG_WARN_STRICT_PROTOTYPES = YES;
				CLANG_WARN_SUSPICIOUS_MOVE = YES;
				CLANG_WARN_UNGUARDED_AVAILABILITY = YES_AGGRESSIVE;
				CLANG_WARN_UNREACHABLE_CODE = YES;
				CLANG_WARN__DUPLICATE_METHOD_MATCH = YES;
				COPY_PHASE_STRIP = NO;
				DEBUG_INFORMATION_FORMAT = "dwarf-with-dsym";
				ENABLE_NS_ASSERTIONS = NO;
				ENABLE_STRICT_OBJC_MSGSEND = YES;
				GCC_C_LANGUAGE_STANDARD = gnu11;
				GCC_NO_COMMON_BLOCKS = YES;
				GCC_WARN_64_TO_32_BIT_CONVERSION = YES;
				GCC_WARN_ABOUT_RETURN_TYPE = YES_ERROR;
				GCC_WARN_UNDECLARED_SELECTOR = YES;
				GCC_WARN_UNINITIALIZED_AUTOS = YES_AGGRESSIVE;
				GCC_WARN_UNUSED_FUNCTION = YES;
				GCC_WARN_UNUSED_VARIABLE = YES;
				IPHONEOS_DEPLOYMENT_TARGET = 16.1;
				MTL_ENABLE_DEBUG_INFO = NO;
				MTL_FAST_MATH = YES;
				SDKROOT = iphoneos;
				SWIFT_COMPILATION_MODE = wholemodule;
				SWIFT_OPTIMIZATION_LEVEL = "-O";
				VALIDATE_PRODUCT = YES;
			};
			name = Release;
		};
		9A39A0C029EE491400823C72 /* Debug */ = {
			isa = XCBuildConfiguration;
			buildSettings = {
				ASSETCATALOG_COMPILER_APPICON_NAME = AppIcon;
				ASSETCATALOG_COMPILER_GLOBAL_ACCENT_COLOR_NAME = AccentColor;
				CODE_SIGN_STYLE = Automatic;
				CURRENT_PROJECT_VERSION = 1;
				DEVELOPMENT_TEAM = DR5K5LQ4UE;
				GENERATE_INFOPLIST_FILE = YES;
				INFOPLIST_FILE = DWPlayer/Info.plist;
				INFOPLIST_KEY_LSApplicationCategoryType = "";
				INFOPLIST_KEY_UIApplicationSupportsIndirectInputEvents = YES;
				INFOPLIST_KEY_UILaunchStoryboardName = LaunchScreen;
				INFOPLIST_KEY_UIMainStoryboardFile = Main;
				INFOPLIST_KEY_UISupportedInterfaceOrientations_iPad = "UIInterfaceOrientationPortrait UIInterfaceOrientationPortraitUpsideDown UIInterfaceOrientationLandscapeLeft UIInterfaceOrientationLandscapeRight";
				INFOPLIST_KEY_UISupportedInterfaceOrientations_iPhone = "UIInterfaceOrientationPortrait UIInterfaceOrientationLandscapeLeft UIInterfaceOrientationLandscapeRight";
				INFOPLIST_KEY_UIUserInterfaceStyle = Light;
				IPHONEOS_DEPLOYMENT_TARGET = 13.0;
				LD_RUNPATH_SEARCH_PATHS = (
					"$(inherited)",
					"@executable_path/Frameworks",
				);
				MARKETING_VERSION = 1.0;
				PRODUCT_BUNDLE_IDENTIFIER = com.steve.DWPlayer;
				PRODUCT_NAME = "$(TARGET_NAME)";
				SWIFT_EMIT_LOC_STRINGS = YES;
				SWIFT_VERSION = 5.0;
				TARGETED_DEVICE_FAMILY = "1,2";
			};
			name = Debug;
		};
		9A39A0C129EE491400823C72 /* Release */ = {
			isa = XCBuildConfiguration;
			buildSettings = {
				ASSETCATALOG_COMPILER_APPICON_NAME = AppIcon;
				ASSETCATALOG_COMPILER_GLOBAL_ACCENT_COLOR_NAME = AccentColor;
				CODE_SIGN_STYLE = Automatic;
				CURRENT_PROJECT_VERSION = 1;
				DEVELOPMENT_TEAM = DR5K5LQ4UE;
				GENERATE_INFOPLIST_FILE = YES;
				INFOPLIST_FILE = DWPlayer/Info.plist;
				INFOPLIST_KEY_LSApplicationCategoryType = "";
				INFOPLIST_KEY_UIApplicationSupportsIndirectInputEvents = YES;
				INFOPLIST_KEY_UILaunchStoryboardName = LaunchScreen;
				INFOPLIST_KEY_UIMainStoryboardFile = Main;
				INFOPLIST_KEY_UISupportedInterfaceOrientations_iPad = "UIInterfaceOrientationPortrait UIInterfaceOrientationPortraitUpsideDown UIInterfaceOrientationLandscapeLeft UIInterfaceOrientationLandscapeRight";
				INFOPLIST_KEY_UISupportedInterfaceOrientations_iPhone = "UIInterfaceOrientationPortrait UIInterfaceOrientationLandscapeLeft UIInterfaceOrientationLandscapeRight";
				INFOPLIST_KEY_UIUserInterfaceStyle = Light;
				IPHONEOS_DEPLOYMENT_TARGET = 13.0;
				LD_RUNPATH_SEARCH_PATHS = (
					"$(inherited)",
					"@executable_path/Frameworks",
				);
				MARKETING_VERSION = 1.0;
				PRODUCT_BUNDLE_IDENTIFIER = com.steve.DWPlayer;
				PRODUCT_NAME = "$(TARGET_NAME)";
				SWIFT_EMIT_LOC_STRINGS = YES;
				SWIFT_VERSION = 5.0;
				TARGETED_DEVICE_FAMILY = "1,2";
			};
			name = Release;
		};
/* End XCBuildConfiguration section */

/* Begin XCConfigurationList section */
		9A39A0A629EE491300823C72 /* Build configuration list for PBXProject "DWPlayer" */ = {
			isa = XCConfigurationList;
			buildConfigurations = (
				9A39A0BD29EE491400823C72 /* Debug */,
				9A39A0BE29EE491400823C72 /* Release */,
			);
			defaultConfigurationIsVisible = 0;
			defaultConfigurationName = Release;
		};
		9A39A0BF29EE491400823C72 /* Build configuration list for PBXNativeTarget "DWPlayer" */ = {
			isa = XCConfigurationList;
			buildConfigurations = (
				9A39A0C029EE491400823C72 /* Debug */,
				9A39A0C129EE491400823C72 /* Release */,
			);
			defaultConfigurationIsVisible = 0;
			defaultConfigurationName = Release;
		};
/* End XCConfigurationList section */
	};
	rootObject = 9A39A0A329EE491300823C72 /* Project object */;
}
